// !$*UTF8*$!
{
	archiveVersion = 1;
	classes = {
	};
	objectVersion = 56;
	objects = {

/* Begin PBXBuildFile section */
		D8029A1D28E70A6A0043BAAE /* AppDelegate.swift in Sources */ = {isa = PBXBuildFile; fileRef = D8029A1C28E70A6A0043BAAE /* AppDelegate.swift */; };
		D8029A2128E70A6A0043BAAE /* ListViewController.swift in Sources */ = {isa = PBXBuildFile; fileRef = D8029A2028E70A6A0043BAAE /* ListViewController.swift */; };
		D8029A2428E70A6A0043BAAE /* Main.storyboard in Resources */ = {isa = PBXBuildFile; fileRef = D8029A2228E70A6A0043BAAE /* Main.storyboard */; };
		D8029A2728E70A6A0043BAAE /* Todo.xcdatamodeld in Sources */ = {isa = PBXBuildFile; fileRef = D8029A2528E70A6A0043BAAE /* Todo.xcdatamodeld */; };
		D8029A2928E70A6C0043BAAE /* Assets.xcassets in Resources */ = {isa = PBXBuildFile; fileRef = D8029A2828E70A6C0043BAAE /* Assets.xcassets */; };
		D8029A2C28E70A6C0043BAAE /* LaunchScreen.storyboard in Resources */ = {isa = PBXBuildFile; fileRef = D8029A2A28E70A6C0043BAAE /* LaunchScreen.storyboard */; };
		D8029A5328E70B640043BAAE /* ListViewModel.swift in Sources */ = {isa = PBXBuildFile; fileRef = D8029A5228E70B640043BAAE /* ListViewModel.swift */; };
		D82F97EF290ABAED00C6D032 /* AlerteContent.swift in Sources */ = {isa = PBXBuildFile; fileRef = D82F97EE290ABAED00C6D032 /* AlerteContent.swift */; };
		D82F97F3290ACCBD00C6D032 /* ItemTableViewCell.swift in Sources */ = {isa = PBXBuildFile; fileRef = D82F97F2290ACCBD00C6D032 /* ItemTableViewCell.swift */; };
		D8364B3A29B33B64008BB677 /* GoogleService-Info.plist in Resources */ = {isa = PBXBuildFile; fileRef = D8364B3929B33B64008BB677 /* GoogleService-Info.plist */; };
		D8364B3D29B33BAB008BB677 /* FirebaseAnalytics in Frameworks */ = {isa = PBXBuildFile; productRef = D8364B3C29B33BAB008BB677 /* FirebaseAnalytics */; };
		D8364B3F29B33BAB008BB677 /* FirebaseCrashlytics in Frameworks */ = {isa = PBXBuildFile; productRef = D8364B3E29B33BAB008BB677 /* FirebaseCrashlytics */; };
		D8364B4229B34891008BB677 /* FirebaseAnalytics in Frameworks */ = {isa = PBXBuildFile; productRef = D8364B4129B34891008BB677 /* FirebaseAnalytics */; };
		D8364B4429B348A4008BB677 /* FirebaseCrashlytics in Frameworks */ = {isa = PBXBuildFile; productRef = D8364B4329B348A4008BB677 /* FirebaseCrashlytics */; };
		D85032A72924F199000ED0F5 /* ListViewDataSource.swift in Sources */ = {isa = PBXBuildFile; fileRef = D85032A62924F199000ED0F5 /* ListViewDataSource.swift */; };
		D8CB123A29337E7B00477F3E /* ListViewModelTests.swift in Sources */ = {isa = PBXBuildFile; fileRef = D8CB123929337E7A00477F3E /* ListViewModelTests.swift */; };
		D8E6EA452922DBC400363783 /* Context.swift in Sources */ = {isa = PBXBuildFile; fileRef = D8E6EA442922DBC400363783 /* Context.swift */; };
		D8E6EA482922DC4500363783 /* CoreDataStack.swift in Sources */ = {isa = PBXBuildFile; fileRef = D8E6EA472922DC4500363783 /* CoreDataStack.swift */; };
		D8E6EA4A2922DC7100363783 /* TodoEntity.swift in Sources */ = {isa = PBXBuildFile; fileRef = D8E6EA492922DC7100363783 /* TodoEntity.swift */; };
		D8E6EA4C2922DE4400363783 /* ListRepository.swift in Sources */ = {isa = PBXBuildFile; fileRef = D8E6EA4B2922DE4400363783 /* ListRepository.swift */; };
/* End PBXBuildFile section */

/* Begin PBXContainerItemProxy section */
		D8CB123129337D8A00477F3E /* PBXContainerItemProxy */ = {
			isa = PBXContainerItemProxy;
			containerPortal = D8029A1128E70A6A0043BAAE /* Project object */;
			proxyType = 1;
			remoteGlobalIDString = D8029A1828E70A6A0043BAAE;
			remoteInfo = todolist;
		};
/* End PBXContainerItemProxy section */

/* Begin PBXFileReference section */
		D8029A1928E70A6A0043BAAE /* todolist.app */ = {isa = PBXFileReference; explicitFileType = wrapper.application; includeInIndex = 0; path = todolist.app; sourceTree = BUILT_PRODUCTS_DIR; };
		D8029A1C28E70A6A0043BAAE /* AppDelegate.swift */ = {isa = PBXFileReference; lastKnownFileType = sourcecode.swift; path = AppDelegate.swift; sourceTree = "<group>"; };
		D8029A2028E70A6A0043BAAE /* ListViewController.swift */ = {isa = PBXFileReference; lastKnownFileType = sourcecode.swift; path = ListViewController.swift; sourceTree = "<group>"; };
		D8029A2328E70A6A0043BAAE /* Base */ = {isa = PBXFileReference; lastKnownFileType = file.storyboard; name = Base; path = Base.lproj/Main.storyboard; sourceTree = "<group>"; };
		D8029A2628E70A6A0043BAAE /* todolist.xcdatamodel */ = {isa = PBXFileReference; lastKnownFileType = wrapper.xcdatamodel; path = todolist.xcdatamodel; sourceTree = "<group>"; };
		D8029A2828E70A6C0043BAAE /* Assets.xcassets */ = {isa = PBXFileReference; lastKnownFileType = folder.assetcatalog; path = Assets.xcassets; sourceTree = "<group>"; };
		D8029A2B28E70A6C0043BAAE /* Base */ = {isa = PBXFileReference; lastKnownFileType = file.storyboard; name = Base; path = Base.lproj/LaunchScreen.storyboard; sourceTree = "<group>"; };
		D8029A2D28E70A6C0043BAAE /* Info.plist */ = {isa = PBXFileReference; lastKnownFileType = text.plist.xml; path = Info.plist; sourceTree = "<group>"; };
		D8029A5228E70B640043BAAE /* ListViewModel.swift */ = {isa = PBXFileReference; lastKnownFileType = sourcecode.swift; path = ListViewModel.swift; sourceTree = "<group>"; };
		D82F97EE290ABAED00C6D032 /* AlerteContent.swift */ = {isa = PBXFileReference; lastKnownFileType = sourcecode.swift; path = AlerteContent.swift; sourceTree = "<group>"; };
		D82F97F2290ACCBD00C6D032 /* ItemTableViewCell.swift */ = {isa = PBXFileReference; lastKnownFileType = sourcecode.swift; path = ItemTableViewCell.swift; sourceTree = "<group>"; };
		D8364B3929B33B64008BB677 /* GoogleService-Info.plist */ = {isa = PBXFileReference; fileEncoding = 4; lastKnownFileType = text.plist.xml; path = "GoogleService-Info.plist"; sourceTree = "<group>"; };
		D85032A62924F199000ED0F5 /* ListViewDataSource.swift */ = {isa = PBXFileReference; lastKnownFileType = sourcecode.swift; path = ListViewDataSource.swift; sourceTree = "<group>"; };
		D8CB122D29337D8A00477F3E /* todolistTests.xctest */ = {isa = PBXFileReference; explicitFileType = wrapper.cfbundle; includeInIndex = 0; path = todolistTests.xctest; sourceTree = BUILT_PRODUCTS_DIR; };
		D8CB123929337E7A00477F3E /* ListViewModelTests.swift */ = {isa = PBXFileReference; fileEncoding = 4; lastKnownFileType = sourcecode.swift; path = ListViewModelTests.swift; sourceTree = "<group>"; };
		D8E6EA442922DBC400363783 /* Context.swift */ = {isa = PBXFileReference; lastKnownFileType = sourcecode.swift; path = Context.swift; sourceTree = "<group>"; };
		D8E6EA472922DC4500363783 /* CoreDataStack.swift */ = {isa = PBXFileReference; lastKnownFileType = sourcecode.swift; path = CoreDataStack.swift; sourceTree = "<group>"; };
		D8E6EA492922DC7100363783 /* TodoEntity.swift */ = {isa = PBXFileReference; lastKnownFileType = sourcecode.swift; path = TodoEntity.swift; sourceTree = "<group>"; };
		D8E6EA4B2922DE4400363783 /* ListRepository.swift */ = {isa = PBXFileReference; lastKnownFileType = sourcecode.swift; path = ListRepository.swift; sourceTree = "<group>"; };
/* End PBXFileReference section */

/* Begin PBXFrameworksBuildPhase section */
		D8029A1628E70A6A0043BAAE /* Frameworks */ = {
			isa = PBXFrameworksBuildPhase;
			buildActionMask = 2147483647;
			files = (
				D8364B3D29B33BAB008BB677 /* FirebaseAnalytics in Frameworks */,
				D8364B3F29B33BAB008BB677 /* FirebaseCrashlytics in Frameworks */,
			);
			runOnlyForDeploymentPostprocessing = 0;
		};
		D8CB122A29337D8A00477F3E /* Frameworks */ = {
			isa = PBXFrameworksBuildPhase;
			buildActionMask = 2147483647;
			files = (
				D8364B4229B34891008BB677 /* FirebaseAnalytics in Frameworks */,
				D8364B4429B348A4008BB677 /* FirebaseCrashlytics in Frameworks */,
			);
			runOnlyForDeploymentPostprocessing = 0;
		};
/* End PBXFrameworksBuildPhase section */

/* Begin PBXGroup section */
		D8029A1028E70A6A0043BAAE = {
			isa = PBXGroup;
			children = (
				D8029A1B28E70A6A0043BAAE /* todolist */,
				D8CB122E29337D8A00477F3E /* todolistTests */,
				D8029A1A28E70A6A0043BAAE /* Products */,
				D8364B4029B34891008BB677 /* Frameworks */,
			);
			sourceTree = "<group>";
		};
		D8029A1A28E70A6A0043BAAE /* Products */ = {
			isa = PBXGroup;
			children = (
				D8029A1928E70A6A0043BAAE /* todolist.app */,
				D8CB122D29337D8A00477F3E /* todolistTests.xctest */,
			);
			name = Products;
			sourceTree = "<group>";
		};
		D8029A1B28E70A6A0043BAAE /* todolist */ = {
			isa = PBXGroup;
			children = (
				D8364B3929B33B64008BB677 /* GoogleService-Info.plist */,
				D82F97F0290ABB3400C6D032 /* Sources */,
				D82F97F1290ABC7600C6D032 /* Ressources */,
			);
			path = todolist;
			sourceTree = "<group>";
		};
		D8029A4F28E70AC30043BAAE /* List */ = {
			isa = PBXGroup;
			children = (
				D82F97F4290ACD5600C6D032 /* cell */,
				D8029A2028E70A6A0043BAAE /* ListViewController.swift */,
				D8029A5228E70B640043BAAE /* ListViewModel.swift */,
				D8E6EA4B2922DE4400363783 /* ListRepository.swift */,
				D85032A62924F199000ED0F5 /* ListViewDataSource.swift */,
			);
			path = List;
			sourceTree = "<group>";
		};
		D82F97F0290ABB3400C6D032 /* Sources */ = {
			isa = PBXGroup;
			children = (
				D8029A1C28E70A6A0043BAAE /* AppDelegate.swift */,
				D8029A2228E70A6A0043BAAE /* Main.storyboard */,
				D8029A2A28E70A6C0043BAAE /* LaunchScreen.storyboard */,
				D8029A2528E70A6A0043BAAE /* Todo.xcdatamodeld */,
				D82F97EE290ABAED00C6D032 /* AlerteContent.swift */,
				D8E6EA442922DBC400363783 /* Context.swift */,
				D8E6EA462922DBF800363783 /* CoreData */,
				D8029A4F28E70AC30043BAAE /* List */,
			);
			path = Sources;
			sourceTree = "<group>";
		};
		D82F97F1290ABC7600C6D032 /* Ressources */ = {
			isa = PBXGroup;
			children = (
				D8029A2D28E70A6C0043BAAE /* Info.plist */,
				D8029A2828E70A6C0043BAAE /* Assets.xcassets */,
			);
			path = Ressources;
			sourceTree = "<group>";
		};
		D82F97F4290ACD5600C6D032 /* cell */ = {
			isa = PBXGroup;
			children = (
				D82F97F2290ACCBD00C6D032 /* ItemTableViewCell.swift */,
			);
			path = cell;
			sourceTree = "<group>";
		};
		D8364B4029B34891008BB677 /* Frameworks */ = {
			isa = PBXGroup;
			children = (
			);
			name = Frameworks;
			sourceTree = "<group>";
		};
		D8CB122E29337D8A00477F3E /* todolistTests */ = {
			isa = PBXGroup;
			children = (
				D8CB123929337E7A00477F3E /* ListViewModelTests.swift */,
			);
			path = todolistTests;
			sourceTree = "<group>";
		};
		D8E6EA462922DBF800363783 /* CoreData */ = {
			isa = PBXGroup;
			children = (
				D8E6EA472922DC4500363783 /* CoreDataStack.swift */,
				D8E6EA492922DC7100363783 /* TodoEntity.swift */,
			);
			path = CoreData;
			sourceTree = "<group>";
		};
/* End PBXGroup section */

/* Begin PBXNativeTarget section */
		D8029A1828E70A6A0043BAAE /* todolist */ = {
			isa = PBXNativeTarget;
			buildConfigurationList = D8029A4628E70A6C0043BAAE /* Build configuration list for PBXNativeTarget "todolist" */;
			buildPhases = (
				D8029A1528E70A6A0043BAAE /* Sources */,
				D8029A1628E70A6A0043BAAE /* Frameworks */,
				D8029A1728E70A6A0043BAAE /* Resources */,
			);
			buildRules = (
			);
			dependencies = (
			);
			name = todolist;
			packageProductDependencies = (
				D8364B3C29B33BAB008BB677 /* FirebaseAnalytics */,
				D8364B3E29B33BAB008BB677 /* FirebaseCrashlytics */,
			);
			productName = todolist;
			productReference = D8029A1928E70A6A0043BAAE /* todolist.app */;
			productType = "com.apple.product-type.application";
		};
		D8CB122C29337D8A00477F3E /* todolistTests */ = {
			isa = PBXNativeTarget;
			buildConfigurationList = D8CB123329337D8A00477F3E /* Build configuration list for PBXNativeTarget "todolistTests" */;
			buildPhases = (
				D8CB122929337D8A00477F3E /* Sources */,
				D8CB122A29337D8A00477F3E /* Frameworks */,
				D8CB122B29337D8A00477F3E /* Resources */,
			);
			buildRules = (
			);
			dependencies = (
				D8CB123229337D8A00477F3E /* PBXTargetDependency */,
			);
			name = todolistTests;
			packageProductDependencies = (
				D8364B4129B34891008BB677 /* FirebaseAnalytics */,
				D8364B4329B348A4008BB677 /* FirebaseCrashlytics */,
			);
			productName = todolistTests;
			productReference = D8CB122D29337D8A00477F3E /* todolistTests.xctest */;
			productType = "com.apple.product-type.bundle.unit-test";
		};
/* End PBXNativeTarget section */

/* Begin PBXProject section */
		D8029A1128E70A6A0043BAAE /* Project object */ = {
			isa = PBXProject;
			attributes = {
				BuildIndependentTargetsInParallel = 1;
				LastSwiftUpdateCheck = 1400;
				LastUpgradeCheck = 1400;
				TargetAttributes = {
					D8029A1828E70A6A0043BAAE = {
						CreatedOnToolsVersion = 14.0.1;
					};
					D8CB122C29337D8A00477F3E = {
						CreatedOnToolsVersion = 14.0.1;
						TestTargetID = D8029A1828E70A6A0043BAAE;
					};
				};
			};
			buildConfigurationList = D8029A1428E70A6A0043BAAE /* Build configuration list for PBXProject "todolist" */;
			compatibilityVersion = "Xcode 14.0";
			developmentRegion = en;
			hasScannedForEncodings = 0;
			knownRegions = (
				en,
				Base,
			);
			mainGroup = D8029A1028E70A6A0043BAAE;
			packageReferences = (
				D8364B3B29B33BAB008BB677 /* XCRemoteSwiftPackageReference "firebase-ios-sdk" */,
			);
			productRefGroup = D8029A1A28E70A6A0043BAAE /* Products */;
			projectDirPath = "";
			projectRoot = "";
			targets = (
				D8029A1828E70A6A0043BAAE /* todolist */,
				D8CB122C29337D8A00477F3E /* todolistTests */,
			);
		};
/* End PBXProject section */

/* Begin PBXResourcesBuildPhase section */
		D8029A1728E70A6A0043BAAE /* Resources */ = {
			isa = PBXResourcesBuildPhase;
			buildActionMask = 2147483647;
			files = (
				D8029A2C28E70A6C0043BAAE /* LaunchScreen.storyboard in Resources */,
				D8029A2928E70A6C0043BAAE /* Assets.xcassets in Resources */,
				D8364B3A29B33B64008BB677 /* GoogleService-Info.plist in Resources */,
				D8029A2428E70A6A0043BAAE /* Main.storyboard in Resources */,
			);
			runOnlyForDeploymentPostprocessing = 0;
		};
		D8CB122B29337D8A00477F3E /* Resources */ = {
			isa = PBXResourcesBuildPhase;
			buildActionMask = 2147483647;
			files = (
			);
			runOnlyForDeploymentPostprocessing = 0;
		};
/* End PBXResourcesBuildPhase section */

/* Begin PBXSourcesBuildPhase section */
		D8029A1528E70A6A0043BAAE /* Sources */ = {
			isa = PBXSourcesBuildPhase;
			buildActionMask = 2147483647;
			files = (
				D8029A2128E70A6A0043BAAE /* ListViewController.swift in Sources */,
				D82F97F3290ACCBD00C6D032 /* ItemTableViewCell.swift in Sources */,
				D8029A1D28E70A6A0043BAAE /* AppDelegate.swift in Sources */,
				D8E6EA452922DBC400363783 /* Context.swift in Sources */,
				D8E6EA4C2922DE4400363783 /* ListRepository.swift in Sources */,
				D8029A5328E70B640043BAAE /* ListViewModel.swift in Sources */,
				D8E6EA4A2922DC7100363783 /* TodoEntity.swift in Sources */,
				D8E6EA482922DC4500363783 /* CoreDataStack.swift in Sources */,
				D8029A2728E70A6A0043BAAE /* Todo.xcdatamodeld in Sources */,
				D82F97EF290ABAED00C6D032 /* AlerteContent.swift in Sources */,
				D85032A72924F199000ED0F5 /* ListViewDataSource.swift in Sources */,
			);
			runOnlyForDeploymentPostprocessing = 0;
		};
		D8CB122929337D8A00477F3E /* Sources */ = {
			isa = PBXSourcesBuildPhase;
			buildActionMask = 2147483647;
			files = (
				D8CB123A29337E7B00477F3E /* ListViewModelTests.swift in Sources */,
			);
			runOnlyForDeploymentPostprocessing = 0;
		};
/* End PBXSourcesBuildPhase section */

/* Begin PBXTargetDependency section */
		D8CB123229337D8A00477F3E /* PBXTargetDependency */ = {
			isa = PBXTargetDependency;
			target = D8029A1828E70A6A0043BAAE /* todolist */;
			targetProxy = D8CB123129337D8A00477F3E /* PBXContainerItemProxy */;
		};
/* End PBXTargetDependency section */

/* Begin PBXVariantGroup section */
		D8029A2228E70A6A0043BAAE /* Main.storyboard */ = {
			isa = PBXVariantGroup;
			children = (
				D8029A2328E70A6A0043BAAE /* Base */,
			);
			name = Main.storyboard;
			sourceTree = "<group>";
		};
		D8029A2A28E70A6C0043BAAE /* LaunchScreen.storyboard */ = {
			isa = PBXVariantGroup;
			children = (
				D8029A2B28E70A6C0043BAAE /* Base */,
			);
			name = LaunchScreen.storyboard;
			sourceTree = "<group>";
		};
/* End PBXVariantGroup section */

/* Begin XCBuildConfiguration section */
		D8029A4428E70A6C0043BAAE /* Debug */ = {
			isa = XCBuildConfiguration;
			buildSettings = {
				ALWAYS_SEARCH_USER_PATHS = NO;
				CLANG_ANALYZER_NONNULL = YES;
				CLANG_ANALYZER_NUMBER_OBJECT_CONVERSION = YES_AGGRESSIVE;
				CLANG_CXX_LANGUAGE_STANDARD = "gnu++20";
				CLANG_ENABLE_MODULES = YES;
				CLANG_ENABLE_OBJC_ARC = YES;
				CLANG_ENABLE_OBJC_WEAK = YES;
				CLANG_WARN_BLOCK_CAPTURE_AUTORELEASING = YES;
				CLANG_WARN_BOOL_CONVERSION = YES;
				CLANG_WARN_COMMA = YES;
				CLANG_WARN_CONSTANT_CONVERSION = YES;
				CLANG_WARN_DEPRECATED_OBJC_IMPLEMENTATIONS = YES;
				CLANG_WARN_DIRECT_OBJC_ISA_USAGE = YES_ERROR;
				CLANG_WARN_DOCUMENTATION_COMMENTS = YES;
				CLANG_WARN_EMPTY_BODY = YES;
				CLANG_WARN_ENUM_CONVERSION = YES;
				CLANG_WARN_INFINITE_RECURSION = YES;
				CLANG_WARN_INT_CONVERSION = YES;
				CLANG_WARN_NON_LITERAL_NULL_CONVERSION = YES;
				CLANG_WARN_OBJC_IMPLICIT_RETAIN_SELF = YES;
				CLANG_WARN_OBJC_LITERAL_CONVERSION = YES;
				CLANG_WARN_OBJC_ROOT_CLASS = YES_ERROR;
				CLANG_WARN_QUOTED_INCLUDE_IN_FRAMEWORK_HEADER = YES;
				CLANG_WARN_RANGE_LOOP_ANALYSIS = YES;
				CLANG_WARN_STRICT_PROTOTYPES = YES;
				CLANG_WARN_SUSPICIOUS_MOVE = YES;
				CLANG_WARN_UNGUARDED_AVAILABILITY = YES_AGGRESSIVE;
				CLANG_WARN_UNREACHABLE_CODE = YES;
				CLANG_WARN__DUPLICATE_METHOD_MATCH = YES;
				COPY_PHASE_STRIP = NO;
				DEBUG_INFORMATION_FORMAT = dwarf;
				ENABLE_STRICT_OBJC_MSGSEND = YES;
				ENABLE_TESTABILITY = YES;
				GCC_C_LANGUAGE_STANDARD = gnu11;
				GCC_DYNAMIC_NO_PIC = NO;
				GCC_NO_COMMON_BLOCKS = YES;
				GCC_OPTIMIZATION_LEVEL = 0;
				GCC_PREPROCESSOR_DEFINITIONS = (
					"DEBUG=1",
					"$(inherited)",
				);
				GCC_WARN_64_TO_32_BIT_CONVERSION = YES;
				GCC_WARN_ABOUT_RETURN_TYPE = YES_ERROR;
				GCC_WARN_UNDECLARED_SELECTOR = YES;
				GCC_WARN_UNINITIALIZED_AUTOS = YES_AGGRESSIVE;
				GCC_WARN_UNUSED_FUNCTION = YES;
				GCC_WARN_UNUSED_VARIABLE = YES;
				IPHONEOS_DEPLOYMENT_TARGET = 16.0;
				MTL_ENABLE_DEBUG_INFO = INCLUDE_SOURCE;
				MTL_FAST_MATH = YES;
				ONLY_ACTIVE_ARCH = YES;
				SDKROOT = iphoneos;
				SWIFT_ACTIVE_COMPILATION_CONDITIONS = DEBUG;
				SWIFT_OPTIMIZATION_LEVEL = "-Onone";
			};
			name = Debug;
		};
		D8029A4528E70A6C0043BAAE /* Release */ = {
			isa = XCBuildConfiguration;
			buildSettings = {
				ALWAYS_SEARCH_USER_PATHS = NO;
				CLANG_ANALYZER_NONNULL = YES;
				CLANG_ANALYZER_NUMBER_OBJECT_CONVERSION = YES_AGGRESSIVE;
				CLANG_CXX_LANGUAGE_STANDARD = "gnu++20";
				CLANG_ENABLE_MODULES = YES;
				CLANG_ENABLE_OBJC_ARC = YES;
				CLANG_ENABLE_OBJC_WEAK = YES;
				CLANG_WARN_BLOCK_CAPTURE_AUTORELEASING = YES;
				CLANG_WARN_BOOL_CONVERSION = YES;
				CLANG_WARN_COMMA = YES;
				CLANG_WARN_CONSTANT_CONVERSION = YES;
				CLANG_WARN_DEPRECATED_OBJC_IMPLEMENTATIONS = YES;
				CLANG_WARN_DIRECT_OBJC_ISA_USAGE = YES_ERROR;
				CLANG_WARN_DOCUMENTATION_COMMENTS = YES;
				CLANG_WARN_EMPTY_BODY = YES;
				CLANG_WARN_ENUM_CONVERSION = YES;
				CLANG_WARN_INFINITE_RECURSION = YES;
				CLANG_WARN_INT_CONVERSION = YES;
				CLANG_WARN_NON_LITERAL_NULL_CONVERSION = YES;
				CLANG_WARN_OBJC_IMPLICIT_RETAIN_SELF = YES;
				CLANG_WARN_OBJC_LITERAL_CONVERSION = YES;
				CLANG_WARN_OBJC_ROOT_CLASS = YES_ERROR;
				CLANG_WARN_QUOTED_INCLUDE_IN_FRAMEWORK_HEADER = YES;
				CLANG_WARN_RANGE_LOOP_ANALYSIS = YES;
				CLANG_WARN_STRICT_PROTOTYPES = YES;
				CLANG_WARN_SUSPICIOUS_MOVE = YES;
				CLANG_WARN_UNGUARDED_AVAILABILITY = YES_AGGRESSIVE;
				CLANG_WARN_UNREACHABLE_CODE = YES;
				CLANG_WARN__DUPLICATE_METHOD_MATCH = YES;
				COPY_PHASE_STRIP = NO;
				DEBUG_INFORMATION_FORMAT = "dwarf-with-dsym";
				ENABLE_NS_ASSERTIONS = NO;
				ENABLE_STRICT_OBJC_MSGSEND = YES;
				GCC_C_LANGUAGE_STANDARD = gnu11;
				GCC_NO_COMMON_BLOCKS = YES;
				GCC_WARN_64_TO_32_BIT_CONVERSION = YES;
				GCC_WARN_ABOUT_RETURN_TYPE = YES_ERROR;
				GCC_WARN_UNDECLARED_SELECTOR = YES;
				GCC_WARN_UNINITIALIZED_AUTOS = YES_AGGRESSIVE;
				GCC_WARN_UNUSED_FUNCTION = YES;
				GCC_WARN_UNUSED_VARIABLE = YES;
				IPHONEOS_DEPLOYMENT_TARGET = 16.0;
				MTL_ENABLE_DEBUG_INFO = NO;
				MTL_FAST_MATH = YES;
				SDKROOT = iphoneos;
				SWIFT_COMPILATION_MODE = wholemodule;
				SWIFT_OPTIMIZATION_LEVEL = "-O";
				VALIDATE_PRODUCT = YES;
			};
			name = Release;
		};
		D8029A4728E70A6C0043BAAE /* Debug */ = {
			isa = XCBuildConfiguration;
			buildSettings = {
				ASSETCATALOG_COMPILER_APPICON_NAME = AppIcon;
				ASSETCATALOG_COMPILER_GLOBAL_ACCENT_COLOR_NAME = AccentColor;
				CODE_SIGN_STYLE = Automatic;
				CURRENT_PROJECT_VERSION = 1;
				DEVELOPMENT_TEAM = XDZ2F43RRZ;
				GENERATE_INFOPLIST_FILE = YES;
				INFOPLIST_FILE = todolist/Ressources/Info.plist;
				INFOPLIST_KEY_UIApplicationSupportsIndirectInputEvents = YES;
				INFOPLIST_KEY_UILaunchStoryboardName = LaunchScreen;
				INFOPLIST_KEY_UIMainStoryboardFile = Main;
				INFOPLIST_KEY_UISupportedInterfaceOrientations = UIInterfaceOrientationPortrait;
				LD_RUNPATH_SEARCH_PATHS = (
					"$(inherited)",
					"@executable_path/Frameworks",
				);
				MARKETING_VERSION = 1.0;
				PRODUCT_BUNDLE_IDENTIFIER = fr.valentinperello.todolist;
				PRODUCT_NAME = "$(TARGET_NAME)";
				SUPPORTED_PLATFORMS = "iphoneos iphonesimulator";
				SUPPORTS_MACCATALYST = NO;
				SUPPORTS_MAC_DESIGNED_FOR_IPHONE_IPAD = NO;
				SWIFT_EMIT_LOC_STRINGS = YES;
				SWIFT_VERSION = 5.0;
				TARGETED_DEVICE_FAMILY = "1,2";
			};
			name = Debug;
		};
		D8029A4828E70A6C0043BAAE /* Release */ = {
			isa = XCBuildConfiguration;
			buildSettings = {
				ASSETCATALOG_COMPILER_APPICON_NAME = AppIcon;
				ASSETCATALOG_COMPILER_GLOBAL_ACCENT_COLOR_NAME = AccentColor;
				CODE_SIGN_STYLE = Automatic;
				CURRENT_PROJECT_VERSION = 1;
				DEVELOPMENT_TEAM = XDZ2F43RRZ;
				GENERATE_INFOPLIST_FILE = YES;
				INFOPLIST_FILE = todolist/Ressources/Info.plist;
				INFOPLIST_KEY_UIApplicationSupportsIndirectInputEvents = YES;
				INFOPLIST_KEY_UILaunchStoryboardName = LaunchScreen;
				INFOPLIST_KEY_UIMainStoryboardFile = Main;
				INFOPLIST_KEY_UISupportedInterfaceOrientations = UIInterfaceOrientationPortrait;
				LD_RUNPATH_SEARCH_PATHS = (
					"$(inherited)",
					"@executable_path/Frameworks",
				);
				MARKETING_VERSION = 1.0;
				PRODUCT_BUNDLE_IDENTIFIER = fr.valentinperello.todolist;
				PRODUCT_NAME = "$(TARGET_NAME)";
				SUPPORTED_PLATFORMS = "iphoneos iphonesimulator";
				SUPPORTS_MACCATALYST = NO;
				SUPPORTS_MAC_DESIGNED_FOR_IPHONE_IPAD = NO;
				SWIFT_EMIT_LOC_STRINGS = YES;
				SWIFT_VERSION = 5.0;
				TARGETED_DEVICE_FAMILY = "1,2";
			};
			name = Release;
		};
		D8CB123429337D8A00477F3E /* Debug */ = {
			isa = XCBuildConfiguration;
			buildSettings = {
				BUNDLE_LOADER = "$(TEST_HOST)";
				CODE_SIGN_STYLE = Automatic;
				CURRENT_PROJECT_VERSION = 1;
				DEVELOPMENT_TEAM = XDZ2F43RRZ;
				GENERATE_INFOPLIST_FILE = YES;
				MARKETING_VERSION = 1.0;
				PRODUCT_BUNDLE_IDENTIFIER = fr.valentinperello.todolistTests;
				PRODUCT_NAME = "$(TARGET_NAME)";
				SWIFT_EMIT_LOC_STRINGS = NO;
				SWIFT_VERSION = 5.0;
				TARGETED_DEVICE_FAMILY = "1,2";
				TEST_HOST = "$(BUILT_PRODUCTS_DIR)/todolist.app/$(BUNDLE_EXECUTABLE_FOLDER_PATH)/todolist";
			};
			name = Debug;
		};
		D8CB123529337D8A00477F3E /* Release */ = {
			isa = XCBuildConfiguration;
			buildSettings = {
				BUNDLE_LOADER = "$(TEST_HOST)";
				CODE_SIGN_STYLE = Automatic;
				CURRENT_PROJECT_VERSION = 1;
				DEVELOPMENT_TEAM = XDZ2F43RRZ;
				GENERATE_INFOPLIST_FILE = YES;
				MARKETING_VERSION = 1.0;
				PRODUCT_BUNDLE_IDENTIFIER = fr.valentinperello.todolistTests;
				PRODUCT_NAME = "$(TARGET_NAME)";
				SWIFT_EMIT_LOC_STRINGS = NO;
				SWIFT_VERSION = 5.0;
				TARGETED_DEVICE_FAMILY = "1,2";
				TEST_HOST = "$(BUILT_PRODUCTS_DIR)/todolist.app/$(BUNDLE_EXECUTABLE_FOLDER_PATH)/todolist";
			};
			name = Release;
		};
/* End XCBuildConfiguration section */

/* Begin XCConfigurationList section */
		D8029A1428E70A6A0043BAAE /* Build configuration list for PBXProject "todolist" */ = {
			isa = XCConfigurationList;
			buildConfigurations = (
				D8029A4428E70A6C0043BAAE /* Debug */,
				D8029A4528E70A6C0043BAAE /* Release */,
			);
			defaultConfigurationIsVisible = 0;
			defaultConfigurationName = Release;
		};
		D8029A4628E70A6C0043BAAE /* Build configuration list for PBXNativeTarget "todolist" */ = {
			isa = XCConfigurationList;
			buildConfigurations = (
				D8029A4728E70A6C0043BAAE /* Debug */,
				D8029A4828E70A6C0043BAAE /* Release */,
			);
			defaultConfigurationIsVisible = 0;
			defaultConfigurationName = Release;
		};
		D8CB123329337D8A00477F3E /* Build configuration list for PBXNativeTarget "todolistTests" */ = {
			isa = XCConfigurationList;
			buildConfigurations = (
				D8CB123429337D8A00477F3E /* Debug */,
				D8CB123529337D8A00477F3E /* Release */,
			);
			defaultConfigurationIsVisible = 0;
			defaultConfigurationName = Release;
		};
/* End XCConfigurationList section */

/* Begin XCRemoteSwiftPackageReference section */
		D8364B3B29B33BAB008BB677 /* XCRemoteSwiftPackageReference "firebase-ios-sdk" */ = {
			isa = XCRemoteSwiftPackageReference;
			repositoryURL = "https://github.com/firebase/firebase-ios-sdk";
			requirement = {
				kind = upToNextMajorVersion;
				minimumVersion = 9.0.0;
			};
		};
/* End XCRemoteSwiftPackageReference section */

/* Begin XCSwiftPackageProductDependency section */
		D8364B3C29B33BAB008BB677 /* FirebaseAnalytics */ = {
			isa = XCSwiftPackageProductDependency;
			package = D8364B3B29B33BAB008BB677 /* XCRemoteSwiftPackageReference "firebase-ios-sdk" */;
			productName = FirebaseAnalytics;
		};
		D8364B3E29B33BAB008BB677 /* FirebaseCrashlytics */ = {
			isa = XCSwiftPackageProductDependency;
			package = D8364B3B29B33BAB008BB677 /* XCRemoteSwiftPackageReference "firebase-ios-sdk" */;
			productName = FirebaseCrashlytics;
		};
		D8364B4129B34891008BB677 /* FirebaseAnalytics */ = {
			isa = XCSwiftPackageProductDependency;
			package = D8364B3B29B33BAB008BB677 /* XCRemoteSwiftPackageReference "firebase-ios-sdk" */;
			productName = FirebaseAnalytics;
		};
		D8364B4329B348A4008BB677 /* FirebaseCrashlytics */ = {
			isa = XCSwiftPackageProductDependency;
			package = D8364B3B29B33BAB008BB677 /* XCRemoteSwiftPackageReference "firebase-ios-sdk" */;
			productName = FirebaseCrashlytics;
		};
/* End XCSwiftPackageProductDependency section */

/* Begin XCVersionGroup section */
		D8029A2528E70A6A0043BAAE /* Todo.xcdatamodeld */ = {
			isa = XCVersionGroup;
			children = (
				D8029A2628E70A6A0043BAAE /* todolist.xcdatamodel */,
			);
			currentVersion = D8029A2628E70A6A0043BAAE /* todolist.xcdatamodel */;
			path = Todo.xcdatamodeld;
			sourceTree = "<group>";
			versionGroupType = wrapper.xcdatamodel;
		};
/* End XCVersionGroup section */
	};
	rootObject = D8029A1128E70A6A0043BAAE /* Project object */;
}
